
Microsoft Visual Studio Solution File, Format Version 12.00
# Visual Studio 15
VisualStudioVersion = 15.0.28010.2048
MinimumVisualStudioVersion = 10.0.40219.1
Project("{FAE04EC0-301F-11D3-BF4B-00C04F79EFBC}") = "Rechnik", "Rechnik\Rechnik.csproj", "{EDABADDD-C6C5-4124-B71D-D5825585A434}"
EndProject
Global
	GlobalSection(SolutionConfigurationPlatforms) = preSolution
		Debug|Any CPU = Debug|Any CPU
		Release|Any CPU = Release|Any CPU
	EndGlobalSection
	GlobalSection(ProjectConfigurationPlatforms) = postSolution
		{EDABADDD-C6C5-4124-B71D-D5825585A434}.Debug|Any CPU.ActiveCfg = Debug|Any CPU
		{EDABADDD-C6C5-4124-B71D-D5825585A434}.Debug|Any CPU.Build.0 = Debug|Any CPU
		{EDABADDD-C6C5-4124-B71D-D5825585A434}.Release|Any CPU.ActiveCfg = Release|Any CPU
		{EDABADDD-C6C5-4124-B71D-D5825585A434}.Release|Any CPU.Build.0 = Release|Any CPU
	EndGlobalSection
	GlobalSection(SolutionProperties) = preSolution
		HideSolutionNode = FALSE
	EndGlobalSection
	GlobalSection(ExtensibilityGlobals) = postSolution
		SolutionGuid = {812E6AE3-4C29-4BA8-8E8B-EFAC180BDE1A}
	EndGlobalSection
EndGlobal
