
Microsoft Visual Studio Solution File, Format Version 12.00
# Visual Studio 15
VisualStudioVersion = 15.0.28010.2048
MinimumVisualStudioVersion = 10.0.40219.1
Project("{FAE04EC0-301F-11D3-BF4B-00C04F79EFBC}") = "Масив1", "Масив1\Масив1.csproj", "{2CE22BBA-6B38-4DC3-803C-9974F47719ED}"
EndProject
Global
	GlobalSection(SolutionConfigurationPlatforms) = preSolution
		Debug|Any CPU = Debug|Any CPU
		Release|Any CPU = Release|Any CPU
	EndGlobalSection
	GlobalSection(ProjectConfigurationPlatforms) = postSolution
		{2CE22BBA-6B38-4DC3-803C-9974F47719ED}.Debug|Any CPU.ActiveCfg = Debug|Any CPU
		{2CE22BBA-6B38-4DC3-803C-9974F47719ED}.Debug|Any CPU.Build.0 = Debug|Any CPU
		{2CE22BBA-6B38-4DC3-803C-9974F47719ED}.Release|Any CPU.ActiveCfg = Release|Any CPU
		{2CE22BBA-6B38-4DC3-803C-9974F47719ED}.Release|Any CPU.Build.0 = Release|Any CPU
	EndGlobalSection
	GlobalSection(SolutionProperties) = preSolution
		HideSolutionNode = FALSE
	EndGlobalSection
	GlobalSection(ExtensibilityGlobals) = postSolution
		SolutionGuid = {59E99516-B296-4F02-8285-E099E1FA84DD}
	EndGlobalSection
EndGlobal
