
Microsoft Visual Studio Solution File, Format Version 12.00
# Visual Studio 15
VisualStudioVersion = 15.0.28010.2048
MinimumVisualStudioVersion = 10.0.40219.1
Project("{FAE04EC0-301F-11D3-BF4B-00C04F79EFBC}") = "MasivSortReverse", "MasivSortReverse\MasivSortReverse.csproj", "{18EE35FB-2E2E-4EFA-828B-CEB1EB233849}"
EndProject
Global
	GlobalSection(SolutionConfigurationPlatforms) = preSolution
		Debug|Any CPU = Debug|Any CPU
		Release|Any CPU = Release|Any CPU
	EndGlobalSection
	GlobalSection(ProjectConfigurationPlatforms) = postSolution
		{18EE35FB-2E2E-4EFA-828B-CEB1EB233849}.Debug|Any CPU.ActiveCfg = Debug|Any CPU
		{18EE35FB-2E2E-4EFA-828B-CEB1EB233849}.Debug|Any CPU.Build.0 = Debug|Any CPU
		{18EE35FB-2E2E-4EFA-828B-CEB1EB233849}.Release|Any CPU.ActiveCfg = Release|Any CPU
		{18EE35FB-2E2E-4EFA-828B-CEB1EB233849}.Release|Any CPU.Build.0 = Release|Any CPU
	EndGlobalSection
	GlobalSection(SolutionProperties) = preSolution
		HideSolutionNode = FALSE
	EndGlobalSection
	GlobalSection(ExtensibilityGlobals) = postSolution
		SolutionGuid = {5F118448-CD9B-4A3E-8066-15E9BE943FF2}
	EndGlobalSection
EndGlobal
