
Microsoft Visual Studio Solution File, Format Version 12.00
# Visual Studio 15
VisualStudioVersion = 15.0.28010.2048
MinimumVisualStudioVersion = 10.0.40219.1
Project("{FAE04EC0-301F-11D3-BF4B-00C04F79EFBC}") = "Числа", "Числа\Числа.csproj", "{22A93120-B9D5-4673-8FB3-824958C54FB5}"
EndProject
Global
	GlobalSection(SolutionConfigurationPlatforms) = preSolution
		Debug|Any CPU = Debug|Any CPU
		Release|Any CPU = Release|Any CPU
	EndGlobalSection
	GlobalSection(ProjectConfigurationPlatforms) = postSolution
		{22A93120-B9D5-4673-8FB3-824958C54FB5}.Debug|Any CPU.ActiveCfg = Debug|Any CPU
		{22A93120-B9D5-4673-8FB3-824958C54FB5}.Debug|Any CPU.Build.0 = Debug|Any CPU
		{22A93120-B9D5-4673-8FB3-824958C54FB5}.Release|Any CPU.ActiveCfg = Release|Any CPU
		{22A93120-B9D5-4673-8FB3-824958C54FB5}.Release|Any CPU.Build.0 = Release|Any CPU
	EndGlobalSection
	GlobalSection(SolutionProperties) = preSolution
		HideSolutionNode = FALSE
	EndGlobalSection
	GlobalSection(ExtensibilityGlobals) = postSolution
		SolutionGuid = {8745CC5A-5CF3-4418-9944-33A26B792800}
	EndGlobalSection
EndGlobal
