
Microsoft Visual Studio Solution File, Format Version 12.00
# Visual Studio 15
VisualStudioVersion = 15.0.28010.2048
MinimumVisualStudioVersion = 10.0.40219.1
Project("{FAE04EC0-301F-11D3-BF4B-00C04F79EFBC}") = "5_Word_3-Promenliva", "5_Word_3-Promenliva\5_Word_3-Promenliva.csproj", "{FBE127EA-580D-4B82-A843-6DAE01759497}"
EndProject
Global
	GlobalSection(SolutionConfigurationPlatforms) = preSolution
		Debug|Any CPU = Debug|Any CPU
		Release|Any CPU = Release|Any CPU
	EndGlobalSection
	GlobalSection(ProjectConfigurationPlatforms) = postSolution
		{FBE127EA-580D-4B82-A843-6DAE01759497}.Debug|Any CPU.ActiveCfg = Debug|Any CPU
		{FBE127EA-580D-4B82-A843-6DAE01759497}.Debug|Any CPU.Build.0 = Debug|Any CPU
		{FBE127EA-580D-4B82-A843-6DAE01759497}.Release|Any CPU.ActiveCfg = Release|Any CPU
		{FBE127EA-580D-4B82-A843-6DAE01759497}.Release|Any CPU.Build.0 = Release|Any CPU
	EndGlobalSection
	GlobalSection(SolutionProperties) = preSolution
		HideSolutionNode = FALSE
	EndGlobalSection
	GlobalSection(ExtensibilityGlobals) = postSolution
		SolutionGuid = {DB705D6C-F999-4577-B381-F41BC7E47F13}
	EndGlobalSection
EndGlobal
