
Microsoft Visual Studio Solution File, Format Version 12.00
# Visual Studio 15
VisualStudioVersion = 15.0.28010.2048
MinimumVisualStudioVersion = 10.0.40219.1
Project("{FAE04EC0-301F-11D3-BF4B-00C04F79EFBC}") = "AddElements_Na edin red", "AddElements_Na edin red\AddElements_Na edin red.csproj", "{C517957C-BD91-43B9-92D9-DD7ADE53A143}"
EndProject
Global
	GlobalSection(SolutionConfigurationPlatforms) = preSolution
		Debug|Any CPU = Debug|Any CPU
		Release|Any CPU = Release|Any CPU
	EndGlobalSection
	GlobalSection(ProjectConfigurationPlatforms) = postSolution
		{C517957C-BD91-43B9-92D9-DD7ADE53A143}.Debug|Any CPU.ActiveCfg = Debug|Any CPU
		{C517957C-BD91-43B9-92D9-DD7ADE53A143}.Debug|Any CPU.Build.0 = Debug|Any CPU
		{C517957C-BD91-43B9-92D9-DD7ADE53A143}.Release|Any CPU.ActiveCfg = Release|Any CPU
		{C517957C-BD91-43B9-92D9-DD7ADE53A143}.Release|Any CPU.Build.0 = Release|Any CPU
	EndGlobalSection
	GlobalSection(SolutionProperties) = preSolution
		HideSolutionNode = FALSE
	EndGlobalSection
	GlobalSection(ExtensibilityGlobals) = postSolution
		SolutionGuid = {E8485FAE-52DF-45D3-AD5F-C85B67534734}
	EndGlobalSection
EndGlobal
