
Microsoft Visual Studio Solution File, Format Version 12.00
# Visual Studio 15
VisualStudioVersion = 15.0.28010.2048
MinimumVisualStudioVersion = 10.0.40219.1
Project("{FAE04EC0-301F-11D3-BF4B-00C04F79EFBC}") = "2_Word_Telefonen ukazatel_27", "2_Word_Telefonen ukazatel_27\2_Word_Telefonen ukazatel_27.csproj", "{EB4035C9-012B-45A1-9293-110841C3A1CF}"
EndProject
Global
	GlobalSection(SolutionConfigurationPlatforms) = preSolution
		Debug|Any CPU = Debug|Any CPU
		Release|Any CPU = Release|Any CPU
	EndGlobalSection
	GlobalSection(ProjectConfigurationPlatforms) = postSolution
		{EB4035C9-012B-45A1-9293-110841C3A1CF}.Debug|Any CPU.ActiveCfg = Debug|Any CPU
		{EB4035C9-012B-45A1-9293-110841C3A1CF}.Debug|Any CPU.Build.0 = Debug|Any CPU
		{EB4035C9-012B-45A1-9293-110841C3A1CF}.Release|Any CPU.ActiveCfg = Release|Any CPU
		{EB4035C9-012B-45A1-9293-110841C3A1CF}.Release|Any CPU.Build.0 = Release|Any CPU
	EndGlobalSection
	GlobalSection(SolutionProperties) = preSolution
		HideSolutionNode = FALSE
	EndGlobalSection
	GlobalSection(ExtensibilityGlobals) = postSolution
		SolutionGuid = {FF7279B8-AE7F-473B-94DE-CDB7B98CABB3}
	EndGlobalSection
EndGlobal
